
Microsoft Visual Studio Solution File, Format Version 12.00
# Visual Studio 14
VisualStudioVersion = 14.0.23107.0
MinimumVisualStudioVersion = 10.0.40219.1
Project("{FAE04EC0-301F-11D3-BF4B-00C04F79EFBC}") = "Azeroth.WebApi", "Azeroth.WebApi\Azeroth.WebApi.csproj", "{E8D7A096-166C-4D87-9AE6-86AA798FED61}"
EndProject
Project("{FAE04EC0-301F-11D3-BF4B-00C04F79EFBC}") = "Azeroth.WebApiSelfHost", "Azeroth.WebApiSelfHost\Azeroth.WebApiSelfHost.csproj", "{99EB3FA3-CE3C-43DC-9768-011B65EA1A0C}"
EndProject
Project("{FAE04EC0-301F-11D3-BF4B-00C04F79EFBC}") = "Azeroth.WebApiOwinIIS", "Azeroth.WebApiOwinIIS\Azeroth.WebApiOwinIIS.csproj", "{FF383145-EA10-4D08-8EA0-AD055FC07A18}"
EndProject
Project("{FAE04EC0-301F-11D3-BF4B-00C04F79EFBC}") = "Azeroth.WebApiOwinSelfHost", "Azeroth.WebApiOwinSelfHost\Azeroth.WebApiOwinSelfHost.csproj", "{AEF4FA91-1F68-4931-910C-D16F24B73C66}"
EndProject
Project("{FAE04EC0-301F-11D3-BF4B-00C04F79EFBC}") = "Azeroth.WebApiAspNetCore", "Azeroth.WebApiAspNetCore\Azeroth.WebApiAspNetCore.csproj", "{000EA1FF-F888-43FA-9736-8F687DF6665D}"
EndProject
Project("{FAE04EC0-301F-11D3-BF4B-00C04F79EFBC}") = "Azeroth.WebApiNancy", "Azeroth.WebApiNancy\Azeroth.WebApiNancy.csproj", "{68DC7121-609E-4B2D-AE13-BAEEEAD9F36B}"
EndProject
Project("{FAE04EC0-301F-11D3-BF4B-00C04F79EFBC}") = "Azeroth.AsmxClient", "Azeroth.AsmxClient\Azeroth.AsmxClient.csproj", "{ABC3C937-487A-43E1-B808-3074452E9121}"
EndProject
Project("{FAE04EC0-301F-11D3-BF4B-00C04F79EFBC}") = "Azeroth.AspxTemplate", "Azeroth.AspxTemplate\Azeroth.AspxTemplate.csproj", "{72F24378-AAB8-4357-987B-DE51722726D2}"
EndProject
Project("{FAE04EC0-301F-11D3-BF4B-00C04F79EFBC}") = "Azeroth.WebformSelfHost", "Azeroth.WebformSelfHost\Azeroth.WebformSelfHost.csproj", "{75FBC2A0-F2BF-4A7B-9ACA-4884A8463E0A}"
EndProject
Project("{FAE04EC0-301F-11D3-BF4B-00C04F79EFBC}") = "Download", "Download\Download.csproj", "{E41E204E-62F9-4137-A818-8C4BB43B9F72}"
EndProject
Project("{FAE04EC0-301F-11D3-BF4B-00C04F79EFBC}") = "Azeroth.WcfRestful", "Azeroth.WcfRestful\Azeroth.WcfRestful.csproj", "{6144E1C9-8CF6-4994-8FE1-4E3D0A0E1491}"
EndProject
Project("{FAE04EC0-301F-11D3-BF4B-00C04F79EFBC}") = "Azeroth.WcfRestfulClient", "Azeroth.WcfRestfulClient\Azeroth.WcfRestfulClient.csproj", "{80084A09-1469-4BDB-A426-9A61B868F030}"
EndProject
Global
	GlobalSection(SolutionConfigurationPlatforms) = preSolution
		Debug|Any CPU = Debug|Any CPU
		Release|Any CPU = Release|Any CPU
	EndGlobalSection
	GlobalSection(ProjectConfigurationPlatforms) = postSolution
		{E8D7A096-166C-4D87-9AE6-86AA798FED61}.Debug|Any CPU.ActiveCfg = Debug|Any CPU
		{E8D7A096-166C-4D87-9AE6-86AA798FED61}.Debug|Any CPU.Build.0 = Debug|Any CPU
		{E8D7A096-166C-4D87-9AE6-86AA798FED61}.Release|Any CPU.ActiveCfg = Release|Any CPU
		{E8D7A096-166C-4D87-9AE6-86AA798FED61}.Release|Any CPU.Build.0 = Release|Any CPU
		{99EB3FA3-CE3C-43DC-9768-011B65EA1A0C}.Debug|Any CPU.ActiveCfg = Debug|Any CPU
		{99EB3FA3-CE3C-43DC-9768-011B65EA1A0C}.Debug|Any CPU.Build.0 = Debug|Any CPU
		{99EB3FA3-CE3C-43DC-9768-011B65EA1A0C}.Release|Any CPU.ActiveCfg = Release|Any CPU
		{99EB3FA3-CE3C-43DC-9768-011B65EA1A0C}.Release|Any CPU.Build.0 = Release|Any CPU
		{FF383145-EA10-4D08-8EA0-AD055FC07A18}.Debug|Any CPU.ActiveCfg = Debug|Any CPU
		{FF383145-EA10-4D08-8EA0-AD055FC07A18}.Debug|Any CPU.Build.0 = Debug|Any CPU
		{FF383145-EA10-4D08-8EA0-AD055FC07A18}.Release|Any CPU.ActiveCfg = Release|Any CPU
		{FF383145-EA10-4D08-8EA0-AD055FC07A18}.Release|Any CPU.Build.0 = Release|Any CPU
		{AEF4FA91-1F68-4931-910C-D16F24B73C66}.Debug|Any CPU.ActiveCfg = Debug|Any CPU
		{AEF4FA91-1F68-4931-910C-D16F24B73C66}.Debug|Any CPU.Build.0 = Debug|Any CPU
		{AEF4FA91-1F68-4931-910C-D16F24B73C66}.Release|Any CPU.ActiveCfg = Release|Any CPU
		{AEF4FA91-1F68-4931-910C-D16F24B73C66}.Release|Any CPU.Build.0 = Release|Any CPU
		{000EA1FF-F888-43FA-9736-8F687DF6665D}.Debug|Any CPU.ActiveCfg = Debug|Any CPU
		{000EA1FF-F888-43FA-9736-8F687DF6665D}.Debug|Any CPU.Build.0 = Debug|Any CPU
		{000EA1FF-F888-43FA-9736-8F687DF6665D}.Release|Any CPU.ActiveCfg = Release|Any CPU
		{000EA1FF-F888-43FA-9736-8F687DF6665D}.Release|Any CPU.Build.0 = Release|Any CPU
		{68DC7121-609E-4B2D-AE13-BAEEEAD9F36B}.Debug|Any CPU.ActiveCfg = Debug|Any CPU
		{68DC7121-609E-4B2D-AE13-BAEEEAD9F36B}.Debug|Any CPU.Build.0 = Debug|Any CPU
		{68DC7121-609E-4B2D-AE13-BAEEEAD9F36B}.Release|Any CPU.ActiveCfg = Release|Any CPU
		{68DC7121-609E-4B2D-AE13-BAEEEAD9F36B}.Release|Any CPU.Build.0 = Release|Any CPU
		{ABC3C937-487A-43E1-B808-3074452E9121}.Debug|Any CPU.ActiveCfg = Debug|Any CPU
		{ABC3C937-487A-43E1-B808-3074452E9121}.Debug|Any CPU.Build.0 = Debug|Any CPU
		{ABC3C937-487A-43E1-B808-3074452E9121}.Release|Any CPU.ActiveCfg = Release|Any CPU
		{ABC3C937-487A-43E1-B808-3074452E9121}.Release|Any CPU.Build.0 = Release|Any CPU
		{72F24378-AAB8-4357-987B-DE51722726D2}.Debug|Any CPU.ActiveCfg = Debug|Any CPU
		{72F24378-AAB8-4357-987B-DE51722726D2}.Debug|Any CPU.Build.0 = Debug|Any CPU
		{72F24378-AAB8-4357-987B-DE51722726D2}.Release|Any CPU.ActiveCfg = Release|Any CPU
		{72F24378-AAB8-4357-987B-DE51722726D2}.Release|Any CPU.Build.0 = Release|Any CPU
		{75FBC2A0-F2BF-4A7B-9ACA-4884A8463E0A}.Debug|Any CPU.ActiveCfg = Debug|Any CPU
		{75FBC2A0-F2BF-4A7B-9ACA-4884A8463E0A}.Debug|Any CPU.Build.0 = Debug|Any CPU
		{75FBC2A0-F2BF-4A7B-9ACA-4884A8463E0A}.Release|Any CPU.ActiveCfg = Release|Any CPU
		{75FBC2A0-F2BF-4A7B-9ACA-4884A8463E0A}.Release|Any CPU.Build.0 = Release|Any CPU
		{E41E204E-62F9-4137-A818-8C4BB43B9F72}.Debug|Any CPU.ActiveCfg = Debug|Any CPU
		{E41E204E-62F9-4137-A818-8C4BB43B9F72}.Debug|Any CPU.Build.0 = Debug|Any CPU
		{E41E204E-62F9-4137-A818-8C4BB43B9F72}.Release|Any CPU.ActiveCfg = Release|Any CPU
		{E41E204E-62F9-4137-A818-8C4BB43B9F72}.Release|Any CPU.Build.0 = Release|Any CPU
		{6144E1C9-8CF6-4994-8FE1-4E3D0A0E1491}.Debug|Any CPU.ActiveCfg = Debug|Any CPU
		{6144E1C9-8CF6-4994-8FE1-4E3D0A0E1491}.Debug|Any CPU.Build.0 = Debug|Any CPU
		{6144E1C9-8CF6-4994-8FE1-4E3D0A0E1491}.Release|Any CPU.ActiveCfg = Release|Any CPU
		{6144E1C9-8CF6-4994-8FE1-4E3D0A0E1491}.Release|Any CPU.Build.0 = Release|Any CPU
		{80084A09-1469-4BDB-A426-9A61B868F030}.Debug|Any CPU.ActiveCfg = Debug|Any CPU
		{80084A09-1469-4BDB-A426-9A61B868F030}.Debug|Any CPU.Build.0 = Debug|Any CPU
		{80084A09-1469-4BDB-A426-9A61B868F030}.Release|Any CPU.ActiveCfg = Release|Any CPU
		{80084A09-1469-4BDB-A426-9A61B868F030}.Release|Any CPU.Build.0 = Release|Any CPU
	EndGlobalSection
	GlobalSection(SolutionProperties) = preSolution
		HideSolutionNode = FALSE
	EndGlobalSection
	GlobalSection(ExtensibilityGlobals) = postSolution
		SolutionGuid = {BFE22A8D-06E4-4170-966B-C6BF1874140E}
	EndGlobalSection
EndGlobal
