
Microsoft Visual Studio Solution File, Format Version 12.00
# Visual Studio 14
VisualStudioVersion = 14.0.23107.0
MinimumVisualStudioVersion = 10.0.40219.1
Project("{FAE04EC0-301F-11D3-BF4B-00C04F79EFBC}") = "KlzApi", "KlzApi\KlzApi.csproj", "{E8D7A096-166C-4D87-9AE6-86AA798FED61}"
EndProject
Project("{FAE04EC0-301F-11D3-BF4B-00C04F79EFBC}") = "SelfHostApi", "SelfHostApi\SelfHostApi.csproj", "{99EB3FA3-CE3C-43DC-9768-011B65EA1A0C}"
EndProject
Project("{FAE04EC0-301F-11D3-BF4B-00C04F79EFBC}") = "KlzOwinApi", "KlzOwinApi\KlzOwinApi.csproj", "{FF383145-EA10-4D08-8EA0-AD055FC07A18}"
EndProject
Project("{FAE04EC0-301F-11D3-BF4B-00C04F79EFBC}") = "SelfHostOwinApi", "SelfHostOwinApi\SelfHostOwinApi.csproj", "{AEF4FA91-1F68-4931-910C-D16F24B73C66}"
EndProject
Project("{FAE04EC0-301F-11D3-BF4B-00C04F79EFBC}") = "ZamApi", "ZamApi\ZamApi.csproj", "{000EA1FF-F888-43FA-9736-8F687DF6665D}"
EndProject
Project("{FAE04EC0-301F-11D3-BF4B-00C04F79EFBC}") = "NancyApi", "NancyApi\NancyApi.csproj", "{68DC7121-609E-4B2D-AE13-BAEEEAD9F36B}"
EndProject
Project("{FAE04EC0-301F-11D3-BF4B-00C04F79EFBC}") = "AsmxDemo", "AsmxDemo\AsmxDemo.csproj", "{ABC3C937-487A-43E1-B808-3074452E9121}"
EndProject
Project("{FAE04EC0-301F-11D3-BF4B-00C04F79EFBC}") = "AspxTemplate", "AspxTemplate\AspxTemplate.csproj", "{72F24378-AAB8-4357-987B-DE51722726D2}"
EndProject
Project("{FAE04EC0-301F-11D3-BF4B-00C04F79EFBC}") = "SelfHostWebform", "SelfHostWebform\SelfHostWebform.csproj", "{75FBC2A0-F2BF-4A7B-9ACA-4884A8463E0A}"
EndProject
Project("{FAE04EC0-301F-11D3-BF4B-00C04F79EFBC}") = "WcfRestful", "WcfRestful\WcfRestful.csproj", "{6144E1C9-8CF6-4994-8FE1-4E3D0A0E1491}"
EndProject
Project("{FAE04EC0-301F-11D3-BF4B-00C04F79EFBC}") = "WcfRestfulClient", "WcfRestfulClient\WcfRestfulClient.csproj", "{80084A09-1469-4BDB-A426-9A61B868F030}"
EndProject
Project("{FAE04EC0-301F-11D3-BF4B-00C04F79EFBC}") = "WcfTwoWayAuthentication", "WcfTwoWayAuthentication\WcfTwoWayAuthentication.csproj", "{4B58E8AD-5626-4024-9940-7EFC4F33D667}"
EndProject
Project("{FAE04EC0-301F-11D3-BF4B-00C04F79EFBC}") = "SignalRDemo", "SignalRDemo\SignalRDemo.csproj", "{8090842D-B9B0-46B8-BBB0-16E42A1B101C}"
EndProject
Project("{FAE04EC0-301F-11D3-BF4B-00C04F79EFBC}") = "Http.File", "Http.File\Http.File.csproj", "{020E50FA-2472-422A-8AAF-C4E5F8DCFC6E}"
EndProject
Project("{FAE04EC0-301F-11D3-BF4B-00C04F79EFBC}") = "WcfTwoWayAuthenticationClient", "WcfTwoWayAuthenticationClient\WcfTwoWayAuthenticationClient.csproj", "{5E51F407-EAFF-492D-BC08-59C0626FFEFB}"
EndProject
Project("{2150E333-8FDC-42A3-9474-1A3956D46DE8}") = "wcf和webservice", "wcf和webservice", "{C377DADE-F834-4E3A-ABB0-501F1109EA40}"
EndProject
Project("{2150E333-8FDC-42A3-9474-1A3956D46DE8}") = "webform", "webform", "{EE6537A9-62F7-4ABE-B14A-1B70E57D6C41}"
EndProject
Project("{2150E333-8FDC-42A3-9474-1A3956D46DE8}") = "api和mvc(asp.net)", "api和mvc(asp.net)", "{19A556FB-2CDC-4CE6-8BB9-84A0BE9D40F7}"
EndProject
Project("{2150E333-8FDC-42A3-9474-1A3956D46DE8}") = "api和mvc(aspnetcore)", "api和mvc(aspnetcore)", "{263089E2-A041-4A23-A776-118DC51C1B36}"
EndProject
Project("{2150E333-8FDC-42A3-9474-1A3956D46DE8}") = "api和mvc(console)", "api和mvc(console)", "{43FA8D23-FE8C-4C94-9DE3-BD40E0922384}"
EndProject
Project("{2150E333-8FDC-42A3-9474-1A3956D46DE8}") = "websocket", "websocket", "{8B264A6E-57F3-4251-AF1E-940B1F95D71B}"
EndProject
Project("{2150E333-8FDC-42A3-9474-1A3956D46DE8}") = "上传和下载", "上传和下载", "{41043A8E-C405-4FBA-9EBF-E6906EA6F9A1}"
EndProject
Project("{2150E333-8FDC-42A3-9474-1A3956D46DE8}") = "react和vue", "react和vue", "{371EFE6A-8916-4C09-9B4A-1FCF6B966464}"
EndProject
Project("{FAE04EC0-301F-11D3-BF4B-00C04F79EFBC}") = "ReactDemo", "ReactDemo\ReactDemo.csproj", "{0ED5D94C-F92F-46E4-9510-55D8A28B5A56}"
EndProject
Project("{FAE04EC0-301F-11D3-BF4B-00C04F79EFBC}") = "VueDemo", "VueDemo\VueDemo.csproj", "{5658790F-F896-4F5A-A67E-5A219D4A008D}"
EndProject
Project("{2150E333-8FDC-42A3-9474-1A3956D46DE8}") = "bootstrap和easyui", "bootstrap和easyui", "{FD0045EC-E8B2-4980-9D52-8F400B499DE8}"
EndProject
Project("{FAE04EC0-301F-11D3-BF4B-00C04F79EFBC}") = "wow", "wow\wow.csproj", "{F9B301B6-1F94-4FAA-BE98-70B3420AD0F2}"
EndProject
Global
	GlobalSection(SolutionConfigurationPlatforms) = preSolution
		Debug|Any CPU = Debug|Any CPU
		Release|Any CPU = Release|Any CPU
	EndGlobalSection
	GlobalSection(ProjectConfigurationPlatforms) = postSolution
		{E8D7A096-166C-4D87-9AE6-86AA798FED61}.Debug|Any CPU.ActiveCfg = Debug|Any CPU
		{E8D7A096-166C-4D87-9AE6-86AA798FED61}.Debug|Any CPU.Build.0 = Debug|Any CPU
		{E8D7A096-166C-4D87-9AE6-86AA798FED61}.Release|Any CPU.ActiveCfg = Release|Any CPU
		{E8D7A096-166C-4D87-9AE6-86AA798FED61}.Release|Any CPU.Build.0 = Release|Any CPU
		{99EB3FA3-CE3C-43DC-9768-011B65EA1A0C}.Debug|Any CPU.ActiveCfg = Debug|Any CPU
		{99EB3FA3-CE3C-43DC-9768-011B65EA1A0C}.Debug|Any CPU.Build.0 = Debug|Any CPU
		{99EB3FA3-CE3C-43DC-9768-011B65EA1A0C}.Release|Any CPU.ActiveCfg = Release|Any CPU
		{99EB3FA3-CE3C-43DC-9768-011B65EA1A0C}.Release|Any CPU.Build.0 = Release|Any CPU
		{FF383145-EA10-4D08-8EA0-AD055FC07A18}.Debug|Any CPU.ActiveCfg = Debug|Any CPU
		{FF383145-EA10-4D08-8EA0-AD055FC07A18}.Debug|Any CPU.Build.0 = Debug|Any CPU
		{FF383145-EA10-4D08-8EA0-AD055FC07A18}.Release|Any CPU.ActiveCfg = Release|Any CPU
		{FF383145-EA10-4D08-8EA0-AD055FC07A18}.Release|Any CPU.Build.0 = Release|Any CPU
		{AEF4FA91-1F68-4931-910C-D16F24B73C66}.Debug|Any CPU.ActiveCfg = Debug|Any CPU
		{AEF4FA91-1F68-4931-910C-D16F24B73C66}.Debug|Any CPU.Build.0 = Debug|Any CPU
		{AEF4FA91-1F68-4931-910C-D16F24B73C66}.Release|Any CPU.ActiveCfg = Release|Any CPU
		{AEF4FA91-1F68-4931-910C-D16F24B73C66}.Release|Any CPU.Build.0 = Release|Any CPU
		{000EA1FF-F888-43FA-9736-8F687DF6665D}.Debug|Any CPU.ActiveCfg = Debug|Any CPU
		{000EA1FF-F888-43FA-9736-8F687DF6665D}.Debug|Any CPU.Build.0 = Debug|Any CPU
		{000EA1FF-F888-43FA-9736-8F687DF6665D}.Release|Any CPU.ActiveCfg = Release|Any CPU
		{000EA1FF-F888-43FA-9736-8F687DF6665D}.Release|Any CPU.Build.0 = Release|Any CPU
		{68DC7121-609E-4B2D-AE13-BAEEEAD9F36B}.Debug|Any CPU.ActiveCfg = Debug|Any CPU
		{68DC7121-609E-4B2D-AE13-BAEEEAD9F36B}.Debug|Any CPU.Build.0 = Debug|Any CPU
		{68DC7121-609E-4B2D-AE13-BAEEEAD9F36B}.Release|Any CPU.ActiveCfg = Release|Any CPU
		{68DC7121-609E-4B2D-AE13-BAEEEAD9F36B}.Release|Any CPU.Build.0 = Release|Any CPU
		{ABC3C937-487A-43E1-B808-3074452E9121}.Debug|Any CPU.ActiveCfg = Debug|Any CPU
		{ABC3C937-487A-43E1-B808-3074452E9121}.Debug|Any CPU.Build.0 = Debug|Any CPU
		{ABC3C937-487A-43E1-B808-3074452E9121}.Release|Any CPU.ActiveCfg = Release|Any CPU
		{ABC3C937-487A-43E1-B808-3074452E9121}.Release|Any CPU.Build.0 = Release|Any CPU
		{72F24378-AAB8-4357-987B-DE51722726D2}.Debug|Any CPU.ActiveCfg = Debug|Any CPU
		{72F24378-AAB8-4357-987B-DE51722726D2}.Debug|Any CPU.Build.0 = Debug|Any CPU
		{72F24378-AAB8-4357-987B-DE51722726D2}.Release|Any CPU.ActiveCfg = Release|Any CPU
		{72F24378-AAB8-4357-987B-DE51722726D2}.Release|Any CPU.Build.0 = Release|Any CPU
		{75FBC2A0-F2BF-4A7B-9ACA-4884A8463E0A}.Debug|Any CPU.ActiveCfg = Debug|Any CPU
		{75FBC2A0-F2BF-4A7B-9ACA-4884A8463E0A}.Debug|Any CPU.Build.0 = Debug|Any CPU
		{75FBC2A0-F2BF-4A7B-9ACA-4884A8463E0A}.Release|Any CPU.ActiveCfg = Release|Any CPU
		{75FBC2A0-F2BF-4A7B-9ACA-4884A8463E0A}.Release|Any CPU.Build.0 = Release|Any CPU
		{6144E1C9-8CF6-4994-8FE1-4E3D0A0E1491}.Debug|Any CPU.ActiveCfg = Debug|Any CPU
		{6144E1C9-8CF6-4994-8FE1-4E3D0A0E1491}.Debug|Any CPU.Build.0 = Debug|Any CPU
		{6144E1C9-8CF6-4994-8FE1-4E3D0A0E1491}.Release|Any CPU.ActiveCfg = Release|Any CPU
		{6144E1C9-8CF6-4994-8FE1-4E3D0A0E1491}.Release|Any CPU.Build.0 = Release|Any CPU
		{80084A09-1469-4BDB-A426-9A61B868F030}.Debug|Any CPU.ActiveCfg = Debug|Any CPU
		{80084A09-1469-4BDB-A426-9A61B868F030}.Debug|Any CPU.Build.0 = Debug|Any CPU
		{80084A09-1469-4BDB-A426-9A61B868F030}.Release|Any CPU.ActiveCfg = Release|Any CPU
		{80084A09-1469-4BDB-A426-9A61B868F030}.Release|Any CPU.Build.0 = Release|Any CPU
		{4B58E8AD-5626-4024-9940-7EFC4F33D667}.Debug|Any CPU.ActiveCfg = Debug|Any CPU
		{4B58E8AD-5626-4024-9940-7EFC4F33D667}.Debug|Any CPU.Build.0 = Debug|Any CPU
		{4B58E8AD-5626-4024-9940-7EFC4F33D667}.Release|Any CPU.ActiveCfg = Release|Any CPU
		{4B58E8AD-5626-4024-9940-7EFC4F33D667}.Release|Any CPU.Build.0 = Release|Any CPU
		{8090842D-B9B0-46B8-BBB0-16E42A1B101C}.Debug|Any CPU.ActiveCfg = Debug|Any CPU
		{8090842D-B9B0-46B8-BBB0-16E42A1B101C}.Debug|Any CPU.Build.0 = Debug|Any CPU
		{8090842D-B9B0-46B8-BBB0-16E42A1B101C}.Release|Any CPU.ActiveCfg = Release|Any CPU
		{8090842D-B9B0-46B8-BBB0-16E42A1B101C}.Release|Any CPU.Build.0 = Release|Any CPU
		{020E50FA-2472-422A-8AAF-C4E5F8DCFC6E}.Debug|Any CPU.ActiveCfg = Debug|Any CPU
		{020E50FA-2472-422A-8AAF-C4E5F8DCFC6E}.Debug|Any CPU.Build.0 = Debug|Any CPU
		{020E50FA-2472-422A-8AAF-C4E5F8DCFC6E}.Release|Any CPU.ActiveCfg = Release|Any CPU
		{020E50FA-2472-422A-8AAF-C4E5F8DCFC6E}.Release|Any CPU.Build.0 = Release|Any CPU
		{5E51F407-EAFF-492D-BC08-59C0626FFEFB}.Debug|Any CPU.ActiveCfg = Debug|Any CPU
		{5E51F407-EAFF-492D-BC08-59C0626FFEFB}.Debug|Any CPU.Build.0 = Debug|Any CPU
		{5E51F407-EAFF-492D-BC08-59C0626FFEFB}.Release|Any CPU.ActiveCfg = Release|Any CPU
		{5E51F407-EAFF-492D-BC08-59C0626FFEFB}.Release|Any CPU.Build.0 = Release|Any CPU
		{0ED5D94C-F92F-46E4-9510-55D8A28B5A56}.Debug|Any CPU.ActiveCfg = Debug|Any CPU
		{0ED5D94C-F92F-46E4-9510-55D8A28B5A56}.Debug|Any CPU.Build.0 = Debug|Any CPU
		{0ED5D94C-F92F-46E4-9510-55D8A28B5A56}.Release|Any CPU.ActiveCfg = Release|Any CPU
		{0ED5D94C-F92F-46E4-9510-55D8A28B5A56}.Release|Any CPU.Build.0 = Release|Any CPU
		{5658790F-F896-4F5A-A67E-5A219D4A008D}.Debug|Any CPU.ActiveCfg = Debug|Any CPU
		{5658790F-F896-4F5A-A67E-5A219D4A008D}.Debug|Any CPU.Build.0 = Debug|Any CPU
		{5658790F-F896-4F5A-A67E-5A219D4A008D}.Release|Any CPU.ActiveCfg = Release|Any CPU
		{5658790F-F896-4F5A-A67E-5A219D4A008D}.Release|Any CPU.Build.0 = Release|Any CPU
		{F9B301B6-1F94-4FAA-BE98-70B3420AD0F2}.Debug|Any CPU.ActiveCfg = Debug|Any CPU
		{F9B301B6-1F94-4FAA-BE98-70B3420AD0F2}.Debug|Any CPU.Build.0 = Debug|Any CPU
		{F9B301B6-1F94-4FAA-BE98-70B3420AD0F2}.Release|Any CPU.ActiveCfg = Release|Any CPU
		{F9B301B6-1F94-4FAA-BE98-70B3420AD0F2}.Release|Any CPU.Build.0 = Release|Any CPU
	EndGlobalSection
	GlobalSection(SolutionProperties) = preSolution
		HideSolutionNode = FALSE
	EndGlobalSection
	GlobalSection(NestedProjects) = preSolution
		{E8D7A096-166C-4D87-9AE6-86AA798FED61} = {19A556FB-2CDC-4CE6-8BB9-84A0BE9D40F7}
		{99EB3FA3-CE3C-43DC-9768-011B65EA1A0C} = {43FA8D23-FE8C-4C94-9DE3-BD40E0922384}
		{FF383145-EA10-4D08-8EA0-AD055FC07A18} = {19A556FB-2CDC-4CE6-8BB9-84A0BE9D40F7}
		{AEF4FA91-1F68-4931-910C-D16F24B73C66} = {43FA8D23-FE8C-4C94-9DE3-BD40E0922384}
		{000EA1FF-F888-43FA-9736-8F687DF6665D} = {263089E2-A041-4A23-A776-118DC51C1B36}
		{68DC7121-609E-4B2D-AE13-BAEEEAD9F36B} = {19A556FB-2CDC-4CE6-8BB9-84A0BE9D40F7}
		{ABC3C937-487A-43E1-B808-3074452E9121} = {C377DADE-F834-4E3A-ABB0-501F1109EA40}
		{72F24378-AAB8-4357-987B-DE51722726D2} = {EE6537A9-62F7-4ABE-B14A-1B70E57D6C41}
		{75FBC2A0-F2BF-4A7B-9ACA-4884A8463E0A} = {EE6537A9-62F7-4ABE-B14A-1B70E57D6C41}
		{6144E1C9-8CF6-4994-8FE1-4E3D0A0E1491} = {C377DADE-F834-4E3A-ABB0-501F1109EA40}
		{80084A09-1469-4BDB-A426-9A61B868F030} = {C377DADE-F834-4E3A-ABB0-501F1109EA40}
		{4B58E8AD-5626-4024-9940-7EFC4F33D667} = {C377DADE-F834-4E3A-ABB0-501F1109EA40}
		{8090842D-B9B0-46B8-BBB0-16E42A1B101C} = {8B264A6E-57F3-4251-AF1E-940B1F95D71B}
		{020E50FA-2472-422A-8AAF-C4E5F8DCFC6E} = {41043A8E-C405-4FBA-9EBF-E6906EA6F9A1}
		{5E51F407-EAFF-492D-BC08-59C0626FFEFB} = {C377DADE-F834-4E3A-ABB0-501F1109EA40}
		{0ED5D94C-F92F-46E4-9510-55D8A28B5A56} = {371EFE6A-8916-4C09-9B4A-1FCF6B966464}
		{5658790F-F896-4F5A-A67E-5A219D4A008D} = {371EFE6A-8916-4C09-9B4A-1FCF6B966464}
		{F9B301B6-1F94-4FAA-BE98-70B3420AD0F2} = {FD0045EC-E8B2-4980-9D52-8F400B499DE8}
	EndGlobalSection
	GlobalSection(ExtensibilityGlobals) = postSolution
		SolutionGuid = {BFE22A8D-06E4-4170-966B-C6BF1874140E}
	EndGlobalSection
EndGlobal
